# THIS IS AN AUTOGENERATED FILE. DO NOT EDIT THIS FILE DIRECTLY.
# yarn lockfile v1


pdfjs-dist@^2.4.456:
  version "2.4.456"
  resolved "https://registry.yarnpkg.com/pdfjs-dist/-/pdfjs-dist-2.4.456.tgz#0eaad2906cda866bbb393e79a0e5b4e68bd75520"
  integrity sha512-yckJEHq3F48hcp6wStEpbN9McOj328Ib09UrBlGAKxvN2k+qYPN5iq6TH6jD1C0pso7zTep+g/CKsYgdrQd5QA==
